# This file is autogenerated, do not edit; changes may be undone by the next 'dep ensure'.


[[projects]]
  digest = "1:a2c1d0e43bd3baaa071d1b9ed72c27d78169b2b269f71c105ac4ba34b1be4a39"
  name = "github.com/davecgh/go-spew"
  packages = ["spew"]
  pruneopts = "UT"
  revision = "346938d642f2ec3594ed81d874461961cd0faa76"
  version = "v1.1.0"

[[projects]]
  branch = "master"
  digest = "1:3830db69d1ddb5974fee06b6f657b2084de719a6b345aa24e6e84c8ab74f4838"
  name = "github.com/go-http-utils/logger"
  packages = ["."]
  pruneopts = "UT"
  revision = "f3a42dcdeae6e445c9e986b7fda289d98db10414"

[[projects]]
  digest = "1:c79fb010be38a59d657c48c6ba1d003a8aa651fa56b579d959d74573b7dff8e1"
  name = "github.com/gorilla/context"
  packages = ["."]
  pruneopts = "UT"
  revision = "08b5f424b9271eedf6f9f0ce86cb9396ed337a42"
  version = "v1.1.1"

[[projects]]
  digest = "1:e73f5b0152105f18bc131fba127d9949305c8693f8a762588a82a48f61756f5f"
  name = "github.com/gorilla/mux"
  packages = ["."]
  pruneopts = "UT"
  revision = "e3702bed27f0d39777b0b37b664b6280e8ef8fbf"
  version = "v1.6.2"

[[projects]]
  digest = "1:40e195917a951a8bf867cd05de2a46aaf1806c50cf92eebf4c16f78cd196f747"
  name = "github.com/pkg/errors"
  packages = ["."]
  pruneopts = "UT"
  revision = "645ef00459ed84a119197bfb8d8205042c6df63d"
  version = "v0.8.0"

[[projects]]
  digest = "1:0028cb19b2e4c3112225cd871870f2d9cf49b9b4276531f03438a88e94be86fe"
  name = "github.com/pmezard/go-difflib"
  packages = ["difflib"]
  pruneopts = "UT"
  revision = "792786c7400a136282c1664665ae0a8db921c6c2"
  version = "v1.0.0"

[[projects]]
  digest = "1:757b110984b77e820e01c60d3ac03a376a0fdb05c990dd9d6bd4f9ba0d606261"
  name = "github.com/rs/xid"
  packages = ["."]
  pruneopts = "UT"
  revision = "2c7e97ce663ff82c49656bca3048df0fdd83c5f9"
  version = "v1.2.0"

[[projects]]
  digest = "1:5110e3d4f130772fd39e6ce8208ad1955b242ccfcc8ad9d158857250579c82f4"
  name = "github.com/stretchr/testify"
  packages = [
    "assert",
    "require",
    "suite",
  ]
  pruneopts = "UT"
  revision = "f35b8ab0b5a2cef36673838d662e249dd9c94686"
  version = "v1.2.2"

[[projects]]
  branch = "master"
  digest = "1:d756534cd4124a2c7f9b349b2a70a63e53d4e32befae47d6a4bd938a64b92e14"
  name = "golang.org/x/sys"
  packages = [
    "unix",
    "windows",
  ]
  pruneopts = "UT"
  revision = "4e1fef5609515ec7a2cee7b5de30ba6d9b438cbf"

[solve-meta]
  analyzer-name = "dep"
  analyzer-version = 1
  input-imports = [
    "github.com/go-http-utils/logger",
    "github.com/gorilla/mux",
    "github.com/pkg/errors",
    "github.com/rs/xid",
    "github.com/stretchr/testify/require",
    "github.com/stretchr/testify/suite",
  ]
  solver-name = "gps-cdcl"
  solver-version = 1
